// !$*UTF8*$!
{
	archiveVersion = 1;
	classes = {
	};
	objectVersion = 50;
	objects = {

/* Begin PBXBuildFile section */
		B1566D4622638BB200FE8F92 /* AppDelegate.swift in Sources */ = {isa = PBXBuildFile; fileRef = B1566D4522638BB200FE8F92 /* AppDelegate.swift */; };
		B1566D4822638BB200FE8F92 /* MainVC.swift in Sources */ = {isa = PBXBuildFile; fileRef = B1566D4722638BB200FE8F92 /* MainVC.swift */; };
		B1566D4B22638BB200FE8F92 /* Main.storyboard in Resources */ = {isa = PBXBuildFile; fileRef = B1566D4922638BB200FE8F92 /* Main.storyboard */; };
		B1566D4E22638BB200FE8F92 /* WeatherAlarm.xcdatamodeld in Sources */ = {isa = PBXBuildFile; fileRef = B1566D4C22638BB200FE8F92 /* WeatherAlarm.xcdatamodeld */; };
		B1566D5022638BB400FE8F92 /* Assets.xcassets in Resources */ = {isa = PBXBuildFile; fileRef = B1566D4F22638BB400FE8F92 /* Assets.xcassets */; };
		B1566D5322638BB400FE8F92 /* LaunchScreen.storyboard in Resources */ = {isa = PBXBuildFile; fileRef = B1566D5122638BB400FE8F92 /* LaunchScreen.storyboard */; };
		B1566D5E22638BB400FE8F92 /* WeatherAlarmTests.swift in Sources */ = {isa = PBXBuildFile; fileRef = B1566D5D22638BB400FE8F92 /* WeatherAlarmTests.swift */; };
		B1566D6D2265092E00FE8F92 /* DateExtensions.swift in Sources */ = {isa = PBXBuildFile; fileRef = B1566D6C2265092E00FE8F92 /* DateExtensions.swift */; };
		B187CAA72268EF0D00B4C906 /* Location.swift in Sources */ = {isa = PBXBuildFile; fileRef = B187CAA62268EF0D00B4C906 /* Location.swift */; };
		B187CAA92269E41800B4C906 /* City.swift in Sources */ = {isa = PBXBuildFile; fileRef = B187CAA82269E41800B4C906 /* City.swift */; };
		B187CAAD2269FDD500B4C906 /* WeatherObject.swift in Sources */ = {isa = PBXBuildFile; fileRef = B187CAAC2269FDD500B4C906 /* WeatherObject.swift */; };
		B187CAAF226A009D00B4C906 /* NumberExtensions.swift in Sources */ = {isa = PBXBuildFile; fileRef = B187CAAE226A009D00B4C906 /* NumberExtensions.swift */; };
		B1ABB29D226514E0005C42AA /* Constants.swift in Sources */ = {isa = PBXBuildFile; fileRef = B1ABB29C226514E0005C42AA /* Constants.swift */; };
		B1ABB2A0226516B8005C42AA /* ForcastCell.swift in Sources */ = {isa = PBXBuildFile; fileRef = B1ABB29F226516B8005C42AA /* ForcastCell.swift */; };
		B1ABB2A32267BBAD005C42AA /* ForcastWeather.swift in Sources */ = {isa = PBXBuildFile; fileRef = B1ABB2A22267BBAD005C42AA /* ForcastWeather.swift */; };
		B1ABB2A52267BBE2005C42AA /* ForcastList.swift in Sources */ = {isa = PBXBuildFile; fileRef = B1ABB2A42267BBE2005C42AA /* ForcastList.swift */; };
		B1ABB2A72267BC01005C42AA /* Temperature.swift in Sources */ = {isa = PBXBuildFile; fileRef = B1ABB2A62267BC01005C42AA /* Temperature.swift */; };
/* End PBXBuildFile section */

/* Begin PBXContainerItemProxy section */
		B1566D5A22638BB400FE8F92 /* PBXContainerItemProxy */ = {
			isa = PBXContainerItemProxy;
			containerPortal = B1566D3A22638BB200FE8F92 /* Project object */;
			proxyType = 1;
			remoteGlobalIDString = B1566D4122638BB200FE8F92;
			remoteInfo = WeatherAlarm;
		};
/* End PBXContainerItemProxy section */

/* Begin PBXFileReference section */
		B1566D4222638BB200FE8F92 /* WeatherAlarm.app */ = {isa = PBXFileReference; explicitFileType = wrapper.application; includeInIndex = 0; path = WeatherAlarm.app; sourceTree = BUILT_PRODUCTS_DIR; };
		B1566D4522638BB200FE8F92 /* AppDelegate.swift */ = {isa = PBXFileReference; lastKnownFileType = sourcecode.swift; name = AppDelegate.swift; path = ../AppDelegate.swift; sourceTree = "<group>"; };
		B1566D4722638BB200FE8F92 /* MainVC.swift */ = {isa = PBXFileReference; lastKnownFileType = sourcecode.swift; path = MainVC.swift; sourceTree = "<group>"; };
		B1566D4A22638BB200FE8F92 /* Base */ = {isa = PBXFileReference; lastKnownFileType = file.storyboard; name = Base; path = Base.lproj/Main.storyboard; sourceTree = "<group>"; };
		B1566D4D22638BB200FE8F92 /* WeatherAlarm.xcdatamodel */ = {isa = PBXFileReference; lastKnownFileType = wrapper.xcdatamodel; path = WeatherAlarm.xcdatamodel; sourceTree = "<group>"; };
		B1566D4F22638BB400FE8F92 /* Assets.xcassets */ = {isa = PBXFileReference; lastKnownFileType = folder.assetcatalog; path = Assets.xcassets; sourceTree = "<group>"; };
		B1566D5222638BB400FE8F92 /* Base */ = {isa = PBXFileReference; lastKnownFileType = file.storyboard; name = Base; path = Base.lproj/LaunchScreen.storyboard; sourceTree = "<group>"; };
		B1566D5422638BB400FE8F92 /* Info.plist */ = {isa = PBXFileReference; lastKnownFileType = text.plist.xml; path = Info.plist; sourceTree = "<group>"; };
		B1566D5922638BB400FE8F92 /* WeatherAlarmTests.xctest */ = {isa = PBXFileReference; explicitFileType = wrapper.cfbundle; includeInIndex = 0; path = WeatherAlarmTests.xctest; sourceTree = BUILT_PRODUCTS_DIR; };
		B1566D5D22638BB400FE8F92 /* WeatherAlarmTests.swift */ = {isa = PBXFileReference; lastKnownFileType = sourcecode.swift; path = WeatherAlarmTests.swift; sourceTree = "<group>"; };
		B1566D5F22638BB400FE8F92 /* Info.plist */ = {isa = PBXFileReference; lastKnownFileType = text.plist.xml; path = Info.plist; sourceTree = "<group>"; };
		B1566D6C2265092E00FE8F92 /* DateExtensions.swift */ = {isa = PBXFileReference; lastKnownFileType = sourcecode.swift; path = DateExtensions.swift; sourceTree = "<group>"; };
		B187CAA62268EF0D00B4C906 /* Location.swift */ = {isa = PBXFileReference; lastKnownFileType = sourcecode.swift; path = Location.swift; sourceTree = "<group>"; };
		B187CAA82269E41800B4C906 /* City.swift */ = {isa = PBXFileReference; lastKnownFileType = sourcecode.swift; path = City.swift; sourceTree = "<group>"; };
		B187CAAC2269FDD500B4C906 /* WeatherObject.swift */ = {isa = PBXFileReference; lastKnownFileType = sourcecode.swift; path = WeatherObject.swift; sourceTree = "<group>"; };
		B187CAAE226A009D00B4C906 /* NumberExtensions.swift */ = {isa = PBXFileReference; lastKnownFileType = sourcecode.swift; path = NumberExtensions.swift; sourceTree = "<group>"; };
		B1ABB29C226514E0005C42AA /* Constants.swift */ = {isa = PBXFileReference; lastKnownFileType = sourcecode.swift; path = Constants.swift; sourceTree = "<group>"; };
		B1ABB29F226516B8005C42AA /* ForcastCell.swift */ = {isa = PBXFileReference; lastKnownFileType = sourcecode.swift; path = ForcastCell.swift; sourceTree = "<group>"; };
		B1ABB2A22267BBAD005C42AA /* ForcastWeather.swift */ = {isa = PBXFileReference; lastKnownFileType = sourcecode.swift; path = ForcastWeather.swift; sourceTree = "<group>"; };
		B1ABB2A42267BBE2005C42AA /* ForcastList.swift */ = {isa = PBXFileReference; lastKnownFileType = sourcecode.swift; path = ForcastList.swift; sourceTree = "<group>"; };
		B1ABB2A62267BC01005C42AA /* Temperature.swift */ = {isa = PBXFileReference; lastKnownFileType = sourcecode.swift; path = Temperature.swift; sourceTree = "<group>"; };
/* End PBXFileReference section */

/* Begin PBXFrameworksBuildPhase section */
		B1566D3F22638BB200FE8F92 /* Frameworks */ = {
			isa = PBXFrameworksBuildPhase;
			buildActionMask = 2147483647;
			files = (
			);
			runOnlyForDeploymentPostprocessing = 0;
		};
		B1566D5622638BB400FE8F92 /* Frameworks */ = {
			isa = PBXFrameworksBuildPhase;
			buildActionMask = 2147483647;
			files = (
			);
			runOnlyForDeploymentPostprocessing = 0;
		};
/* End PBXFrameworksBuildPhase section */

/* Begin PBXGroup section */
		B1566D3922638BB200FE8F92 = {
			isa = PBXGroup;
			children = (
				B1566D4422638BB200FE8F92 /* WeatherAlarm */,
				B1566D5C22638BB400FE8F92 /* WeatherAlarmTests */,
				B1566D4322638BB200FE8F92 /* Products */,
			);
			sourceTree = "<group>";
		};
		B1566D4322638BB200FE8F92 /* Products */ = {
			isa = PBXGroup;
			children = (
				B1566D4222638BB200FE8F92 /* WeatherAlarm.app */,
				B1566D5922638BB400FE8F92 /* WeatherAlarmTests.xctest */,
			);
			name = Products;
			sourceTree = "<group>";
		};
		B1566D4422638BB200FE8F92 /* WeatherAlarm */ = {
			isa = PBXGroup;
			children = (
				B1ABB29A226514C1005C42AA /* Services */,
				B1ABB2A12267BB8B005C42AA /* Model */,
				B1ABB29E2265168B005C42AA /* View */,
				B1566D6822638BCF00FE8F92 /* Controllers */,
				B1566D6922638C0A00FE8F92 /* Storyboards */,
				B1566D4F22638BB400FE8F92 /* Assets.xcassets */,
				B1566D5422638BB400FE8F92 /* Info.plist */,
				B1566D4C22638BB200FE8F92 /* WeatherAlarm.xcdatamodeld */,
			);
			path = WeatherAlarm;
			sourceTree = "<group>";
		};
		B1566D5C22638BB400FE8F92 /* WeatherAlarmTests */ = {
			isa = PBXGroup;
			children = (
				B1566D5D22638BB400FE8F92 /* WeatherAlarmTests.swift */,
				B1566D5F22638BB400FE8F92 /* Info.plist */,
			);
			path = WeatherAlarmTests;
			sourceTree = "<group>";
		};
		B1566D6822638BCF00FE8F92 /* Controllers */ = {
			isa = PBXGroup;
			children = (
				B1566D4522638BB200FE8F92 /* AppDelegate.swift */,
				B1566D4722638BB200FE8F92 /* MainVC.swift */,
			);
			path = Controllers;
			sourceTree = "<group>";
		};
		B1566D6922638C0A00FE8F92 /* Storyboards */ = {
			isa = PBXGroup;
			children = (
				B1566D4922638BB200FE8F92 /* Main.storyboard */,
				B1566D5122638BB400FE8F92 /* LaunchScreen.storyboard */,
			);
			path = Storyboards;
			sourceTree = "<group>";
		};
		B1ABB29A226514C1005C42AA /* Services */ = {
			isa = PBXGroup;
			children = (
				B1ABB29B226514CC005C42AA /* Extensions */,
				B1ABB29C226514E0005C42AA /* Constants.swift */,
			);
			path = Services;
			sourceTree = "<group>";
		};
		B1ABB29B226514CC005C42AA /* Extensions */ = {
			isa = PBXGroup;
			children = (
				B1566D6C2265092E00FE8F92 /* DateExtensions.swift */,
				B187CAAE226A009D00B4C906 /* NumberExtensions.swift */,
			);
			path = Extensions;
			sourceTree = "<group>";
		};
		B1ABB29E2265168B005C42AA /* View */ = {
			isa = PBXGroup;
			children = (
				B1ABB29F226516B8005C42AA /* ForcastCell.swift */,
			);
			path = View;
			sourceTree = "<group>";
		};
		B1ABB2A12267BB8B005C42AA /* Model */ = {
			isa = PBXGroup;
			children = (
				B1ABB2A22267BBAD005C42AA /* ForcastWeather.swift */,
				B1ABB2A42267BBE2005C42AA /* ForcastList.swift */,
				B1ABB2A62267BC01005C42AA /* Temperature.swift */,
				B187CAA62268EF0D00B4C906 /* Location.swift */,
				B187CAA82269E41800B4C906 /* City.swift */,
				B187CAAC2269FDD500B4C906 /* WeatherObject.swift */,
			);
			path = Model;
			sourceTree = "<group>";
		};
/* End PBXGroup section */

/* Begin PBXNativeTarget section */
		B1566D4122638BB200FE8F92 /* WeatherAlarm */ = {
			isa = PBXNativeTarget;
			buildConfigurationList = B1566D6222638BB400FE8F92 /* Build configuration list for PBXNativeTarget "WeatherAlarm" */;
			buildPhases = (
				B1566D3E22638BB200FE8F92 /* Sources */,
				B1566D3F22638BB200FE8F92 /* Frameworks */,
				B1566D4022638BB200FE8F92 /* Resources */,
			);
			buildRules = (
			);
			dependencies = (
			);
			name = WeatherAlarm;
			productName = WeatherAlarm;
			productReference = B1566D4222638BB200FE8F92 /* WeatherAlarm.app */;
			productType = "com.apple.product-type.application";
		};
		B1566D5822638BB400FE8F92 /* WeatherAlarmTests */ = {
			isa = PBXNativeTarget;
			buildConfigurationList = B1566D6522638BB400FE8F92 /* Build configuration list for PBXNativeTarget "WeatherAlarmTests" */;
			buildPhases = (
				B1566D5522638BB400FE8F92 /* Sources */,
				B1566D5622638BB400FE8F92 /* Frameworks */,
				B1566D5722638BB400FE8F92 /* Resources */,
			);
			buildRules = (
			);
			dependencies = (
				B1566D5B22638BB400FE8F92 /* PBXTargetDependency */,
			);
			name = WeatherAlarmTests;
			productName = WeatherAlarmTests;
			productReference = B1566D5922638BB400FE8F92 /* WeatherAlarmTests.xctest */;
			productType = "com.apple.product-type.bundle.unit-test";
		};
/* End PBXNativeTarget section */

/* Begin PBXProject section */
		B1566D3A22638BB200FE8F92 /* Project object */ = {
			isa = PBXProject;
			attributes = {
				LastSwiftUpdateCheck = 1020;
				LastUpgradeCheck = 1020;
				ORGANIZATIONNAME = Webiaturist;
				TargetAttributes = {
					B1566D4122638BB200FE8F92 = {
						CreatedOnToolsVersion = 10.2;
					};
					B1566D5822638BB400FE8F92 = {
						CreatedOnToolsVersion = 10.2;
						TestTargetID = B1566D4122638BB200FE8F92;
					};
				};
			};
			buildConfigurationList = B1566D3D22638BB200FE8F92 /* Build configuration list for PBXProject "WeatherAlarm" */;
			compatibilityVersion = "Xcode 9.3";
			developmentRegion = en;
			hasScannedForEncodings = 0;
			knownRegions = (
				en,
				Base,
			);
			mainGroup = B1566D3922638BB200FE8F92;
			productRefGroup = B1566D4322638BB200FE8F92 /* Products */;
			projectDirPath = "";
			projectRoot = "";
			targets = (
				B1566D4122638BB200FE8F92 /* WeatherAlarm */,
				B1566D5822638BB400FE8F92 /* WeatherAlarmTests */,
			);
		};
/* End PBXProject section */

/* Begin PBXResourcesBuildPhase section */
		B1566D4022638BB200FE8F92 /* Resources */ = {
			isa = PBXResourcesBuildPhase;
			buildActionMask = 2147483647;
			files = (
				B1566D5322638BB400FE8F92 /* LaunchScreen.storyboard in Resources */,
				B1566D5022638BB400FE8F92 /* Assets.xcassets in Resources */,
				B1566D4B22638BB200FE8F92 /* Main.storyboard in Resources */,
			);
			runOnlyForDeploymentPostprocessing = 0;
		};
		B1566D5722638BB400FE8F92 /* Resources */ = {
			isa = PBXResourcesBuildPhase;
			buildActionMask = 2147483647;
			files = (
			);
			runOnlyForDeploymentPostprocessing = 0;
		};
/* End PBXResourcesBuildPhase section */

/* Begin PBXSourcesBuildPhase section */
		B1566D3E22638BB200FE8F92 /* Sources */ = {
			isa = PBXSourcesBuildPhase;
			buildActionMask = 2147483647;
			files = (
				B1ABB2A0226516B8005C42AA /* ForcastCell.swift in Sources */,
				B1ABB29D226514E0005C42AA /* Constants.swift in Sources */,
				B187CAA72268EF0D00B4C906 /* Location.swift in Sources */,
				B1ABB2A72267BC01005C42AA /* Temperature.swift in Sources */,
				B1ABB2A52267BBE2005C42AA /* ForcastList.swift in Sources */,
				B187CAAF226A009D00B4C906 /* NumberExtensions.swift in Sources */,
				B187CAAD2269FDD500B4C906 /* WeatherObject.swift in Sources */,
				B1566D4E22638BB200FE8F92 /* WeatherAlarm.xcdatamodeld in Sources */,
				B1566D6D2265092E00FE8F92 /* DateExtensions.swift in Sources */,
				B187CAA92269E41800B4C906 /* City.swift in Sources */,
				B1566D4822638BB200FE8F92 /* MainVC.swift in Sources */,
				B1566D4622638BB200FE8F92 /* AppDelegate.swift in Sources */,
				B1ABB2A32267BBAD005C42AA /* ForcastWeather.swift in Sources */,
			);
			runOnlyForDeploymentPostprocessing = 0;
		};
		B1566D5522638BB400FE8F92 /* Sources */ = {
			isa = PBXSourcesBuildPhase;
			buildActionMask = 2147483647;
			files = (
				B1566D5E22638BB400FE8F92 /* WeatherAlarmTests.swift in Sources */,
			);
			runOnlyForDeploymentPostprocessing = 0;
		};
/* End PBXSourcesBuildPhase section */

/* Begin PBXTargetDependency section */
		B1566D5B22638BB400FE8F92 /* PBXTargetDependency */ = {
			isa = PBXTargetDependency;
			target = B1566D4122638BB200FE8F92 /* WeatherAlarm */;
			targetProxy = B1566D5A22638BB400FE8F92 /* PBXContainerItemProxy */;
		};
/* End PBXTargetDependency section */

/* Begin PBXVariantGroup section */
		B1566D4922638BB200FE8F92 /* Main.storyboard */ = {
			isa = PBXVariantGroup;
			children = (
				B1566D4A22638BB200FE8F92 /* Base */,
			);
			name = Main.storyboard;
			sourceTree = "<group>";
		};
		B1566D5122638BB400FE8F92 /* LaunchScreen.storyboard */ = {
			isa = PBXVariantGroup;
			children = (
				B1566D5222638BB400FE8F92 /* Base */,
			);
			name = LaunchScreen.storyboard;
			sourceTree = "<group>";
		};
/* End PBXVariantGroup section */

/* Begin XCBuildConfiguration section */
		B1566D6022638BB400FE8F92 /* Debug */ = {
			isa = XCBuildConfiguration;
			buildSettings = {
				ALWAYS_SEARCH_USER_PATHS = NO;
				CLANG_ANALYZER_NONNULL = YES;
				CLANG_ANALYZER_NUMBER_OBJECT_CONVERSION = YES_AGGRESSIVE;
				CLANG_CXX_LANGUAGE_STANDARD = "gnu++14";
				CLANG_CXX_LIBRARY = "libc++";
				CLANG_ENABLE_MODULES = YES;
				CLANG_ENABLE_OBJC_ARC = YES;
				CLANG_ENABLE_OBJC_WEAK = YES;
				CLANG_WARN_BLOCK_CAPTURE_AUTORELEASING = YES;
				CLANG_WARN_BOOL_CONVERSION = YES;
				CLANG_WARN_COMMA = YES;
				CLANG_WARN_CONSTANT_CONVERSION = YES;
				CLANG_WARN_DEPRECATED_OBJC_IMPLEMENTATIONS = YES;
				CLANG_WARN_DIRECT_OBJC_ISA_USAGE = YES_ERROR;
				CLANG_WARN_DOCUMENTATION_COMMENTS = YES;
				CLANG_WARN_EMPTY_BODY = YES;
				CLANG_WARN_ENUM_CONVERSION = YES;
				CLANG_WARN_INFINITE_RECURSION = YES;
				CLANG_WARN_INT_CONVERSION = YES;
				CLANG_WARN_NON_LITERAL_NULL_CONVERSION = YES;
				CLANG_WARN_OBJC_IMPLICIT_RETAIN_SELF = YES;
				CLANG_WARN_OBJC_LITERAL_CONVERSION = YES;
				CLANG_WARN_OBJC_ROOT_CLASS = YES_ERROR;
				CLANG_WARN_RANGE_LOOP_ANALYSIS = YES;
				CLANG_WARN_STRICT_PROTOTYPES = YES;
				CLANG_WARN_SUSPICIOUS_MOVE = YES;
				CLANG_WARN_UNGUARDED_AVAILABILITY = YES_AGGRESSIVE;
				CLANG_WARN_UNREACHABLE_CODE = YES;
				CLANG_WARN__DUPLICATE_METHOD_MATCH = YES;
				CODE_SIGN_IDENTITY = "iPhone Developer";
				COPY_PHASE_STRIP = NO;
				DEBUG_INFORMATION_FORMAT = dwarf;
				ENABLE_STRICT_OBJC_MSGSEND = YES;
				ENABLE_TESTABILITY = YES;
				GCC_C_LANGUAGE_STANDARD = gnu11;
				GCC_DYNAMIC_NO_PIC = NO;
				GCC_NO_COMMON_BLOCKS = YES;
				GCC_OPTIMIZATION_LEVEL = 0;
				GCC_PREPROCESSOR_DEFINITIONS = (
					"DEBUG=1",
					"$(inherited)",
				);
				GCC_WARN_64_TO_32_BIT_CONVERSION = YES;
				GCC_WARN_ABOUT_RETURN_TYPE = YES_ERROR;
				GCC_WARN_UNDECLARED_SELECTOR = YES;
				GCC_WARN_UNINITIALIZED_AUTOS = YES_AGGRESSIVE;
				GCC_WARN_UNUSED_FUNCTION = YES;
				GCC_WARN_UNUSED_VARIABLE = YES;
				IPHONEOS_DEPLOYMENT_TARGET = 12.2;
				MTL_ENABLE_DEBUG_INFO = INCLUDE_SOURCE;
				MTL_FAST_MATH = YES;
				ONLY_ACTIVE_ARCH = YES;
				SDKROOT = iphoneos;
				SWIFT_ACTIVE_COMPILATION_CONDITIONS = DEBUG;
				SWIFT_OPTIMIZATION_LEVEL = "-Onone";
			};
			name = Debug;
		};
		B1566D6122638BB400FE8F92 /* Release */ = {
			isa = XCBuildConfiguration;
			buildSettings = {
				ALWAYS_SEARCH_USER_PATHS = NO;
				CLANG_ANALYZER_NONNULL = YES;
				CLANG_ANALYZER_NUMBER_OBJECT_CONVERSION = YES_AGGRESSIVE;
				CLANG_CXX_LANGUAGE_STANDARD = "gnu++14";
				CLANG_CXX_LIBRARY = "libc++";
				CLANG_ENABLE_MODULES = YES;
				CLANG_ENABLE_OBJC_ARC = YES;
				CLANG_ENABLE_OBJC_WEAK = YES;
				CLANG_WARN_BLOCK_CAPTURE_AUTORELEASING = YES;
				CLANG_WARN_BOOL_CONVERSION = YES;
				CLANG_WARN_COMMA = YES;
				CLANG_WARN_CONSTANT_CONVERSION = YES;
				CLANG_WARN_DEPRECATED_OBJC_IMPLEMENTATIONS = YES;
				CLANG_WARN_DIRECT_OBJC_ISA_USAGE = YES_ERROR;
				CLANG_WARN_DOCUMENTATION_COMMENTS = YES;
				CLANG_WARN_EMPTY_BODY = YES;
				CLANG_WARN_ENUM_CONVERSION = YES;
				CLANG_WARN_INFINITE_RECURSION = YES;
				CLANG_WARN_INT_CONVERSION = YES;
				CLANG_WARN_NON_LITERAL_NULL_CONVERSION = YES;
				CLANG_WARN_OBJC_IMPLICIT_RETAIN_SELF = YES;
				CLANG_WARN_OBJC_LITERAL_CONVERSION = YES;
				CLANG_WARN_OBJC_ROOT_CLASS = YES_ERROR;
				CLANG_WARN_RANGE_LOOP_ANALYSIS = YES;
				CLANG_WARN_STRICT_PROTOTYPES = YES;
				CLANG_WARN_SUSPICIOUS_MOVE = YES;
				CLANG_WARN_UNGUARDED_AVAILABILITY = YES_AGGRESSIVE;
				CLANG_WARN_UNREACHABLE_CODE = YES;
				CLANG_WARN__DUPLICATE_METHOD_MATCH = YES;
				CODE_SIGN_IDENTITY = "iPhone Developer";
				COPY_PHASE_STRIP = NO;
				DEBUG_INFORMATION_FORMAT = "dwarf-with-dsym";
				ENABLE_NS_ASSERTIONS = NO;
				ENABLE_STRICT_OBJC_MSGSEND = YES;
				GCC_C_LANGUAGE_STANDARD = gnu11;
				GCC_NO_COMMON_BLOCKS = YES;
				GCC_WARN_64_TO_32_BIT_CONVERSION = YES;
				GCC_WARN_ABOUT_RETURN_TYPE = YES_ERROR;
				GCC_WARN_UNDECLARED_SELECTOR = YES;
				GCC_WARN_UNINITIALIZED_AUTOS = YES_AGGRESSIVE;
				GCC_WARN_UNUSED_FUNCTION = YES;
				GCC_WARN_UNUSED_VARIABLE = YES;
				IPHONEOS_DEPLOYMENT_TARGET = 12.2;
				MTL_ENABLE_DEBUG_INFO = NO;
				MTL_FAST_MATH = YES;
				SDKROOT = iphoneos;
				SWIFT_COMPILATION_MODE = wholemodule;
				SWIFT_OPTIMIZATION_LEVEL = "-O";
				VALIDATE_PRODUCT = YES;
			};
			name = Release;
		};
		B1566D6322638BB400FE8F92 /* Debug */ = {
			isa = XCBuildConfiguration;
			buildSettings = {
				ASSETCATALOG_COMPILER_APPICON_NAME = AppIcon;
				CODE_SIGN_STYLE = Automatic;
				DEVELOPMENT_TEAM = 52RDZ7CGW9;
				INFOPLIST_FILE = WeatherAlarm/Info.plist;
				LD_RUNPATH_SEARCH_PATHS = (
					"$(inherited)",
					"@executable_path/Frameworks",
				);
				PRODUCT_BUNDLE_IDENTIFIER = com.webiaturist.WeatherAlarm;
				PRODUCT_NAME = "$(TARGET_NAME)";
				SWIFT_VERSION = 5.0;
				TARGETED_DEVICE_FAMILY = "1,2";
			};
			name = Debug;
		};
		B1566D6422638BB400FE8F92 /* Release */ = {
			isa = XCBuildConfiguration;
			buildSettings = {
				ASSETCATALOG_COMPILER_APPICON_NAME = AppIcon;
				CODE_SIGN_STYLE = Automatic;
				DEVELOPMENT_TEAM = 52RDZ7CGW9;
				INFOPLIST_FILE = WeatherAlarm/Info.plist;
				LD_RUNPATH_SEARCH_PATHS = (
					"$(inherited)",
					"@executable_path/Frameworks",
				);
				PRODUCT_BUNDLE_IDENTIFIER = com.webiaturist.WeatherAlarm;
				PRODUCT_NAME = "$(TARGET_NAME)";
				SWIFT_VERSION = 5.0;
				TARGETED_DEVICE_FAMILY = "1,2";
			};
			name = Release;
		};
		B1566D6622638BB400FE8F92 /* Debug */ = {
			isa = XCBuildConfiguration;
			buildSettings = {
				ALWAYS_EMBED_SWIFT_STANDARD_LIBRARIES = YES;
				BUNDLE_LOADER = "$(TEST_HOST)";
				CODE_SIGN_STYLE = Automatic;
				DEVELOPMENT_TEAM = 52RDZ7CGW9;
				INFOPLIST_FILE = WeatherAlarmTests/Info.plist;
				LD_RUNPATH_SEARCH_PATHS = (
					"$(inherited)",
					"@executable_path/Frameworks",
					"@loader_path/Frameworks",
				);
				PRODUCT_BUNDLE_IDENTIFIER = com.webiaturist.WeatherAlarmTests;
				PRODUCT_NAME = "$(TARGET_NAME)";
				SWIFT_VERSION = 5.0;
				TARGETED_DEVICE_FAMILY = "1,2";
				TEST_HOST = "$(BUILT_PRODUCTS_DIR)/WeatherAlarm.app/WeatherAlarm";
			};
			name = Debug;
		};
		B1566D6722638BB400FE8F92 /* Release */ = {
			isa = XCBuildConfiguration;
			buildSettings = {
				ALWAYS_EMBED_SWIFT_STANDARD_LIBRARIES = YES;
				BUNDLE_LOADER = "$(TEST_HOST)";
				CODE_SIGN_STYLE = Automatic;
				DEVELOPMENT_TEAM = 52RDZ7CGW9;
				INFOPLIST_FILE = WeatherAlarmTests/Info.plist;
				LD_RUNPATH_SEARCH_PATHS = (
					"$(inherited)",
					"@executable_path/Frameworks",
					"@loader_path/Frameworks",
				);
				PRODUCT_BUNDLE_IDENTIFIER = com.webiaturist.WeatherAlarmTests;
				PRODUCT_NAME = "$(TARGET_NAME)";
				SWIFT_VERSION = 5.0;
				TARGETED_DEVICE_FAMILY = "1,2";
				TEST_HOST = "$(BUILT_PRODUCTS_DIR)/WeatherAlarm.app/WeatherAlarm";
			};
			name = Release;
		};
/* End XCBuildConfiguration section */

/* Begin XCConfigurationList section */
		B1566D3D22638BB200FE8F92 /* Build configuration list for PBXProject "WeatherAlarm" */ = {
			isa = XCConfigurationList;
			buildConfigurations = (
				B1566D6022638BB400FE8F92 /* Debug */,
				B1566D6122638BB400FE8F92 /* Release */,
			);
			defaultConfigurationIsVisible = 0;
			defaultConfigurationName = Release;
		};
		B1566D6222638BB400FE8F92 /* Build configuration list for PBXNativeTarget "WeatherAlarm" */ = {
			isa = XCConfigurationList;
			buildConfigurations = (
				B1566D6322638BB400FE8F92 /* Debug */,
				B1566D6422638BB400FE8F92 /* Release */,
			);
			defaultConfigurationIsVisible = 0;
			defaultConfigurationName = Release;
		};
		B1566D6522638BB400FE8F92 /* Build configuration list for PBXNativeTarget "WeatherAlarmTests" */ = {
			isa = XCConfigurationList;
			buildConfigurations = (
				B1566D6622638BB400FE8F92 /* Debug */,
				B1566D6722638BB400FE8F92 /* Release */,
			);
			defaultConfigurationIsVisible = 0;
			defaultConfigurationName = Release;
		};
/* End XCConfigurationList section */

/* Begin XCVersionGroup section */
		B1566D4C22638BB200FE8F92 /* WeatherAlarm.xcdatamodeld */ = {
			isa = XCVersionGroup;
			children = (
				B1566D4D22638BB200FE8F92 /* WeatherAlarm.xcdatamodel */,
			);
			currentVersion = B1566D4D22638BB200FE8F92 /* WeatherAlarm.xcdatamodel */;
			path = WeatherAlarm.xcdatamodeld;
			sourceTree = "<group>";
			versionGroupType = wrapper.xcdatamodel;
		};
/* End XCVersionGroup section */
	};
	rootObject = B1566D3A22638BB200FE8F92 /* Project object */;
}
